// !$*UTF8*$!
{
	archiveVersion = 1;
	classes = {
	};
	objectVersion = 46;
	objects = {

/* Begin PBXBuildFile section */
		F1237A1C1C5EDEC9001DA5B3 /* AppDelegate.swift in Sources */ = {isa = PBXBuildFile; fileRef = F1237A1B1C5EDEC9001DA5B3 /* AppDelegate.swift */; };
		F1237A211C5EDEC9001DA5B3 /* Main.storyboard in Resources */ = {isa = PBXBuildFile; fileRef = F1237A1F1C5EDEC9001DA5B3 /* Main.storyboard */; };
		F1237A231C5EDEC9001DA5B3 /* Assets.xcassets in Resources */ = {isa = PBXBuildFile; fileRef = F1237A221C5EDEC9001DA5B3 /* Assets.xcassets */; };
		F1237A261C5EDEC9001DA5B3 /* LaunchScreen.storyboard in Resources */ = {isa = PBXBuildFile; fileRef = F1237A241C5EDEC9001DA5B3 /* LaunchScreen.storyboard */; };
		F1237A311C5EDEC9001DA5B3 /* CommentateTests.swift in Sources */ = {isa = PBXBuildFile; fileRef = F1237A301C5EDEC9001DA5B3 /* CommentateTests.swift */; };
		F1237A3C1C5EDEC9001DA5B3 /* CommentateUITests.swift in Sources */ = {isa = PBXBuildFile; fileRef = F1237A3B1C5EDEC9001DA5B3 /* CommentateUITests.swift */; };
		F1237A4A1C5EDEED001DA5B3 /* MenuViewController.swift in Sources */ = {isa = PBXBuildFile; fileRef = F1237A491C5EDEED001DA5B3 /* MenuViewController.swift */; };
		F1237A4C1C5EE303001DA5B3 /* CreateEventViewController.swift in Sources */ = {isa = PBXBuildFile; fileRef = F1237A4B1C5EE303001DA5B3 /* CreateEventViewController.swift */; };
		F1237A4E1C5EE5A7001DA5B3 /* MyEventsViewController.swift in Sources */ = {isa = PBXBuildFile; fileRef = F1237A4D1C5EE5A7001DA5B3 /* MyEventsViewController.swift */; };
		F1237A501C5EE661001DA5B3 /* ProfileViewController.swift in Sources */ = {isa = PBXBuildFile; fileRef = F1237A4F1C5EE661001DA5B3 /* ProfileViewController.swift */; };
		F1237A521C5EE66F001DA5B3 /* AllEventsViewController.swift in Sources */ = {isa = PBXBuildFile; fileRef = F1237A511C5EE66F001DA5B3 /* AllEventsViewController.swift */; };
		F1237A541C5EE72B001DA5B3 /* AllEventsTableViewCell.swift in Sources */ = {isa = PBXBuildFile; fileRef = F1237A531C5EE72B001DA5B3 /* AllEventsTableViewCell.swift */; };
		F1237A581C5EF4D9001DA5B3 /* Bolts.framework in Frameworks */ = {isa = PBXBuildFile; fileRef = F1237A561C5EF4D9001DA5B3 /* Bolts.framework */; };
		F1237A591C5EF4D9001DA5B3 /* Parse.framework in Frameworks */ = {isa = PBXBuildFile; fileRef = F1237A571C5EF4D9001DA5B3 /* Parse.framework */; };
		F1237A5B1C5EF4E1001DA5B3 /* ParseUI.framework in Frameworks */ = {isa = PBXBuildFile; fileRef = F1237A5A1C5EF4E1001DA5B3 /* ParseUI.framework */; };
		F1237A5D1C5EF503001DA5B3 /* AudioToolbox.framework in Frameworks */ = {isa = PBXBuildFile; fileRef = F1237A5C1C5EF503001DA5B3 /* AudioToolbox.framework */; };
		F1237A5F1C5EF50B001DA5B3 /* CFNetwork.framework in Frameworks */ = {isa = PBXBuildFile; fileRef = F1237A5E1C5EF50B001DA5B3 /* CFNetwork.framework */; };
		F1237A611C5EF514001DA5B3 /* CoreGraphics.framework in Frameworks */ = {isa = PBXBuildFile; fileRef = F1237A601C5EF514001DA5B3 /* CoreGraphics.framework */; };
		F1237A631C5EF51C001DA5B3 /* CoreLocation.framework in Frameworks */ = {isa = PBXBuildFile; fileRef = F1237A621C5EF51C001DA5B3 /* CoreLocation.framework */; };
		F1237A651C5EF523001DA5B3 /* QuartzCore.framework in Frameworks */ = {isa = PBXBuildFile; fileRef = F1237A641C5EF523001DA5B3 /* QuartzCore.framework */; };
		F1237A671C5EF52A001DA5B3 /* Security.framework in Frameworks */ = {isa = PBXBuildFile; fileRef = F1237A661C5EF52A001DA5B3 /* Security.framework */; };
		F1237A691C5EF532001DA5B3 /* StoreKit.framework in Frameworks */ = {isa = PBXBuildFile; fileRef = F1237A681C5EF532001DA5B3 /* StoreKit.framework */; };
		F1237A6B1C5EF53C001DA5B3 /* SystemConfiguration.framework in Frameworks */ = {isa = PBXBuildFile; fileRef = F1237A6A1C5EF53C001DA5B3 /* SystemConfiguration.framework */; };
		F1237A6D1C5EF544001DA5B3 /* libz.tbd in Frameworks */ = {isa = PBXBuildFile; fileRef = F1237A6C1C5EF544001DA5B3 /* libz.tbd */; };
		F1237A6F1C5EF54D001DA5B3 /* libsqlite3.tbd in Frameworks */ = {isa = PBXBuildFile; fileRef = F1237A6E1C5EF54D001DA5B3 /* libsqlite3.tbd */; };
		F1237A751C5F14A0001DA5B3 /* LogInViewController.swift in Sources */ = {isa = PBXBuildFile; fileRef = F1237A741C5F14A0001DA5B3 /* LogInViewController.swift */; };
		F1237A791C5F14F6001DA5B3 /* SignUpViewController.swift in Sources */ = {isa = PBXBuildFile; fileRef = F1237A781C5F14F6001DA5B3 /* SignUpViewController.swift */; };
/* End PBXBuildFile section */

/* Begin PBXContainerItemProxy section */
		F1237A2D1C5EDEC9001DA5B3 /* PBXContainerItemProxy */ = {
			isa = PBXContainerItemProxy;
			containerPortal = F1237A101C5EDEC9001DA5B3 /* Project object */;
			proxyType = 1;
			remoteGlobalIDString = F1237A171C5EDEC9001DA5B3;
			remoteInfo = Commentate;
		};
		F1237A381C5EDEC9001DA5B3 /* PBXContainerItemProxy */ = {
			isa = PBXContainerItemProxy;
			containerPortal = F1237A101C5EDEC9001DA5B3 /* Project object */;
			proxyType = 1;
			remoteGlobalIDString = F1237A171C5EDEC9001DA5B3;
			remoteInfo = Commentate;
		};
/* End PBXContainerItemProxy section */

/* Begin PBXFileReference section */
		F1237A181C5EDEC9001DA5B3 /* Commentate.app */ = {isa = PBXFileReference; explicitFileType = wrapper.application; includeInIndex = 0; path = Commentate.app; sourceTree = BUILT_PRODUCTS_DIR; };
		F1237A1B1C5EDEC9001DA5B3 /* AppDelegate.swift */ = {isa = PBXFileReference; lastKnownFileType = sourcecode.swift; path = AppDelegate.swift; sourceTree = "<group>"; };
		F1237A201C5EDEC9001DA5B3 /* Base */ = {isa = PBXFileReference; lastKnownFileType = file.storyboard; name = Base; path = Base.lproj/Main.storyboard; sourceTree = "<group>"; };
		F1237A221C5EDEC9001DA5B3 /* Assets.xcassets */ = {isa = PBXFileReference; lastKnownFileType = folder.assetcatalog; path = Assets.xcassets; sourceTree = "<group>"; };
		F1237A251C5EDEC9001DA5B3 /* Base */ = {isa = PBXFileReference; lastKnownFileType = file.storyboard; name = Base; path = Base.lproj/LaunchScreen.storyboard; sourceTree = "<group>"; };
		F1237A271C5EDEC9001DA5B3 /* Info.plist */ = {isa = PBXFileReference; lastKnownFileType = text.plist.xml; path = Info.plist; sourceTree = "<group>"; };
		F1237A2C1C5EDEC9001DA5B3 /* CommentateTests.xctest */ = {isa = PBXFileReference; explicitFileType = wrapper.cfbundle; includeInIndex = 0; path = CommentateTests.xctest; sourceTree = BUILT_PRODUCTS_DIR; };
		F1237A301C5EDEC9001DA5B3 /* CommentateTests.swift */ = {isa = PBXFileReference; lastKnownFileType = sourcecode.swift; path = CommentateTests.swift; sourceTree = "<group>"; };
		F1237A321C5EDEC9001DA5B3 /* Info.plist */ = {isa = PBXFileReference; lastKnownFileType = text.plist.xml; path = Info.plist; sourceTree = "<group>"; };
		F1237A371C5EDEC9001DA5B3 /* CommentateUITests.xctest */ = {isa = PBXFileReference; explicitFileType = wrapper.cfbundle; includeInIndex = 0; path = CommentateUITests.xctest; sourceTree = BUILT_PRODUCTS_DIR; };
		F1237A3B1C5EDEC9001DA5B3 /* CommentateUITests.swift */ = {isa = PBXFileReference; lastKnownFileType = sourcecode.swift; path = CommentateUITests.swift; sourceTree = "<group>"; };
		F1237A3D1C5EDEC9001DA5B3 /* Info.plist */ = {isa = PBXFileReference; lastKnownFileType = text.plist.xml; path = Info.plist; sourceTree = "<group>"; };
		F1237A491C5EDEED001DA5B3 /* MenuViewController.swift */ = {isa = PBXFileReference; fileEncoding = 4; lastKnownFileType = sourcecode.swift; name = MenuViewController.swift; path = ../MenuViewController.swift; sourceTree = "<group>"; };
		F1237A4B1C5EE303001DA5B3 /* CreateEventViewController.swift */ = {isa = PBXFileReference; fileEncoding = 4; lastKnownFileType = sourcecode.swift; path = CreateEventViewController.swift; sourceTree = "<group>"; };
		F1237A4D1C5EE5A7001DA5B3 /* MyEventsViewController.swift */ = {isa = PBXFileReference; fileEncoding = 4; lastKnownFileType = sourcecode.swift; path = MyEventsViewController.swift; sourceTree = "<group>"; };
		F1237A4F1C5EE661001DA5B3 /* ProfileViewController.swift */ = {isa = PBXFileReference; fileEncoding = 4; lastKnownFileType = sourcecode.swift; path = ProfileViewController.swift; sourceTree = "<group>"; };
		F1237A511C5EE66F001DA5B3 /* AllEventsViewController.swift */ = {isa = PBXFileReference; fileEncoding = 4; lastKnownFileType = sourcecode.swift; path = AllEventsViewController.swift; sourceTree = "<group>"; };
		F1237A531C5EE72B001DA5B3 /* AllEventsTableViewCell.swift */ = {isa = PBXFileReference; fileEncoding = 4; lastKnownFileType = sourcecode.swift; path = AllEventsTableViewCell.swift; sourceTree = "<group>"; };
		F1237A561C5EF4D9001DA5B3 /* Bolts.framework */ = {isa = PBXFileReference; lastKnownFileType = wrapper.framework; path = Bolts.framework; sourceTree = "<group>"; };
		F1237A571C5EF4D9001DA5B3 /* Parse.framework */ = {isa = PBXFileReference; lastKnownFileType = wrapper.framework; path = Parse.framework; sourceTree = "<group>"; };
		F1237A5A1C5EF4E1001DA5B3 /* ParseUI.framework */ = {isa = PBXFileReference; lastKnownFileType = wrapper.framework; path = ParseUI.framework; sourceTree = "<group>"; };
		F1237A5C1C5EF503001DA5B3 /* AudioToolbox.framework */ = {isa = PBXFileReference; lastKnownFileType = wrapper.framework; name = AudioToolbox.framework; path = System/Library/Frameworks/AudioToolbox.framework; sourceTree = SDKROOT; };
		F1237A5E1C5EF50B001DA5B3 /* CFNetwork.framework */ = {isa = PBXFileReference; lastKnownFileType = wrapper.framework; name = CFNetwork.framework; path = System/Library/Frameworks/CFNetwork.framework; sourceTree = SDKROOT; };
		F1237A601C5EF514001DA5B3 /* CoreGraphics.framework */ = {isa = PBXFileReference; lastKnownFileType = wrapper.framework; name = CoreGraphics.framework; path = System/Library/Frameworks/CoreGraphics.framework; sourceTree = SDKROOT; };
		F1237A621C5EF51C001DA5B3 /* CoreLocation.framework */ = {isa = PBXFileReference; lastKnownFileType = wrapper.framework; name = CoreLocation.framework; path = System/Library/Frameworks/CoreLocation.framework; sourceTree = SDKROOT; };
		F1237A641C5EF523001DA5B3 /* QuartzCore.framework */ = {isa = PBXFileReference; lastKnownFileType = wrapper.framework; name = QuartzCore.framework; path = System/Library/Frameworks/QuartzCore.framework; sourceTree = SDKROOT; };
		F1237A661C5EF52A001DA5B3 /* Security.framework */ = {isa = PBXFileReference; lastKnownFileType = wrapper.framework; name = Security.framework; path = System/Library/Frameworks/Security.framework; sourceTree = SDKROOT; };
		F1237A681C5EF532001DA5B3 /* StoreKit.framework */ = {isa = PBXFileReference; lastKnownFileType = wrapper.framework; name = StoreKit.framework; path = System/Library/Frameworks/StoreKit.framework; sourceTree = SDKROOT; };
		F1237A6A1C5EF53C001DA5B3 /* SystemConfiguration.framework */ = {isa = PBXFileReference; lastKnownFileType = wrapper.framework; name = SystemConfiguration.framework; path = System/Library/Frameworks/SystemConfiguration.framework; sourceTree = SDKROOT; };
		F1237A6C1C5EF544001DA5B3 /* libz.tbd */ = {isa = PBXFileReference; lastKnownFileType = "sourcecode.text-based-dylib-definition"; name = libz.tbd; path = usr/lib/libz.tbd; sourceTree = SDKROOT; };
		F1237A6E1C5EF54D001DA5B3 /* libsqlite3.tbd */ = {isa = PBXFileReference; lastKnownFileType = "sourcecode.text-based-dylib-definition"; name = libsqlite3.tbd; path = usr/lib/libsqlite3.tbd; sourceTree = SDKROOT; };
		F1237A741C5F14A0001DA5B3 /* LogInViewController.swift */ = {isa = PBXFileReference; fileEncoding = 4; lastKnownFileType = sourcecode.swift; path = LogInViewController.swift; sourceTree = "<group>"; };
		F1237A781C5F14F6001DA5B3 /* SignUpViewController.swift */ = {isa = PBXFileReference; fileEncoding = 4; lastKnownFileType = sourcecode.swift; name = SignUpViewController.swift; path = ../SignUpViewController.swift; sourceTree = "<group>"; };
/* End PBXFileReference section */

/* Begin PBXFrameworksBuildPhase section */
		F1237A151C5EDEC9001DA5B3 /* Frameworks */ = {
			isa = PBXFrameworksBuildPhase;
			buildActionMask = 2147483647;
			files = (
				F1237A6F1C5EF54D001DA5B3 /* libsqlite3.tbd in Frameworks */,
				F1237A6D1C5EF544001DA5B3 /* libz.tbd in Frameworks */,
				F1237A6B1C5EF53C001DA5B3 /* SystemConfiguration.framework in Frameworks */,
				F1237A691C5EF532001DA5B3 /* StoreKit.framework in Frameworks */,
				F1237A671C5EF52A001DA5B3 /* Security.framework in Frameworks */,
				F1237A651C5EF523001DA5B3 /* QuartzCore.framework in Frameworks */,
				F1237A631C5EF51C001DA5B3 /* CoreLocation.framework in Frameworks */,
				F1237A581C5EF4D9001DA5B3 /* Bolts.framework in Frameworks */,
				F1237A611C5EF514001DA5B3 /* CoreGraphics.framework in Frameworks */,
				F1237A5F1C5EF50B001DA5B3 /* CFNetwork.framework in Frameworks */,
				F1237A5D1C5EF503001DA5B3 /* AudioToolbox.framework in Frameworks */,
				F1237A5B1C5EF4E1001DA5B3 /* ParseUI.framework in Frameworks */,
				F1237A591C5EF4D9001DA5B3 /* Parse.framework in Frameworks */,
			);
			runOnlyForDeploymentPostprocessing = 0;
		};
		F1237A291C5EDEC9001DA5B3 /* Frameworks */ = {
			isa = PBXFrameworksBuildPhase;
			buildActionMask = 2147483647;
			files = (
			);
			runOnlyForDeploymentPostprocessing = 0;
		};
		F1237A341C5EDEC9001DA5B3 /* Frameworks */ = {
			isa = PBXFrameworksBuildPhase;
			buildActionMask = 2147483647;
			files = (
			);
			runOnlyForDeploymentPostprocessing = 0;
		};
/* End PBXFrameworksBuildPhase section */

/* Begin PBXGroup section */
		F1237A0F1C5EDEC9001DA5B3 = {
			isa = PBXGroup;
			children = (
				F1237A6E1C5EF54D001DA5B3 /* libsqlite3.tbd */,
				F1237A6C1C5EF544001DA5B3 /* libz.tbd */,
				F1237A6A1C5EF53C001DA5B3 /* SystemConfiguration.framework */,
				F1237A681C5EF532001DA5B3 /* StoreKit.framework */,
				F1237A661C5EF52A001DA5B3 /* Security.framework */,
				F1237A641C5EF523001DA5B3 /* QuartzCore.framework */,
				F1237A621C5EF51C001DA5B3 /* CoreLocation.framework */,
				F1237A601C5EF514001DA5B3 /* CoreGraphics.framework */,
				F1237A5E1C5EF50B001DA5B3 /* CFNetwork.framework */,
				F1237A5C1C5EF503001DA5B3 /* AudioToolbox.framework */,
				F1237A5A1C5EF4E1001DA5B3 /* ParseUI.framework */,
				F1237A561C5EF4D9001DA5B3 /* Bolts.framework */,
				F1237A571C5EF4D9001DA5B3 /* Parse.framework */,
				F1237A1A1C5EDEC9001DA5B3 /* Commentate */,
				F1237A2F1C5EDEC9001DA5B3 /* CommentateTests */,
				F1237A3A1C5EDEC9001DA5B3 /* CommentateUITests */,
				F1237A191C5EDEC9001DA5B3 /* Products */,
			);
			sourceTree = "<group>";
		};
		F1237A191C5EDEC9001DA5B3 /* Products */ = {
			isa = PBXGroup;
			children = (
				F1237A181C5EDEC9001DA5B3 /* Commentate.app */,
				F1237A2C1C5EDEC9001DA5B3 /* CommentateTests.xctest */,
				F1237A371C5EDEC9001DA5B3 /* CommentateUITests.xctest */,
			);
			name = Products;
			sourceTree = "<group>";
		};
		F1237A1A1C5EDEC9001DA5B3 /* Commentate */ = {
			isa = PBXGroup;
			children = (
				F1237A1B1C5EDEC9001DA5B3 /* AppDelegate.swift */,
				F1237A1F1C5EDEC9001DA5B3 /* Main.storyboard */,
				F1237A551C5EE741001DA5B3 /* ViewControllers */,
				F1237A531C5EE72B001DA5B3 /* AllEventsTableViewCell.swift */,
				F1237A221C5EDEC9001DA5B3 /* Assets.xcassets */,
				F1237A241C5EDEC9001DA5B3 /* LaunchScreen.storyboard */,
				F1237A271C5EDEC9001DA5B3 /* Info.plist */,
			);
			path = Commentate;
			sourceTree = "<group>";
		};
		F1237A2F1C5EDEC9001DA5B3 /* CommentateTests */ = {
			isa = PBXGroup;
			children = (
				F1237A301C5EDEC9001DA5B3 /* CommentateTests.swift */,
				F1237A321C5EDEC9001DA5B3 /* Info.plist */,
			);
			path = CommentateTests;
			sourceTree = "<group>";
		};
		F1237A3A1C5EDEC9001DA5B3 /* CommentateUITests */ = {
			isa = PBXGroup;
			children = (
				F1237A3B1C5EDEC9001DA5B3 /* CommentateUITests.swift */,
				F1237A3D1C5EDEC9001DA5B3 /* Info.plist */,
			);
			path = CommentateUITests;
			sourceTree = "<group>";
		};
		F1237A551C5EE741001DA5B3 /* ViewControllers */ = {
			isa = PBXGroup;
			children = (
				F1237A491C5EDEED001DA5B3 /* MenuViewController.swift */,
				F1237A741C5F14A0001DA5B3 /* LogInViewController.swift */,
				F1237A781C5F14F6001DA5B3 /* SignUpViewController.swift */,
				F1237A511C5EE66F001DA5B3 /* AllEventsViewController.swift */,
				F1237A4F1C5EE661001DA5B3 /* ProfileViewController.swift */,
				F1237A4D1C5EE5A7001DA5B3 /* MyEventsViewController.swift */,
				F1237A4B1C5EE303001DA5B3 /* CreateEventViewController.swift */,
			);
			name = ViewControllers;
			sourceTree = "<group>";
		};
/* End PBXGroup section */

/* Begin PBXNativeTarget section */
		F1237A171C5EDEC9001DA5B3 /* Commentate */ = {
			isa = PBXNativeTarget;
			buildConfigurationList = F1237A401C5EDEC9001DA5B3 /* Build configuration list for PBXNativeTarget "Commentate" */;
			buildPhases = (
				F1237A141C5EDEC9001DA5B3 /* Sources */,
				F1237A151C5EDEC9001DA5B3 /* Frameworks */,
				F1237A161C5EDEC9001DA5B3 /* Resources */,
			);
			buildRules = (
			);
			dependencies = (
			);
			name = Commentate;
			productName = Commentate;
			productReference = F1237A181C5EDEC9001DA5B3 /* Commentate.app */;
			productType = "com.apple.product-type.application";
		};
		F1237A2B1C5EDEC9001DA5B3 /* CommentateTests */ = {
			isa = PBXNativeTarget;
			buildConfigurationList = F1237A431C5EDEC9001DA5B3 /* Build configuration list for PBXNativeTarget "CommentateTests" */;
			buildPhases = (
				F1237A281C5EDEC9001DA5B3 /* Sources */,
				F1237A291C5EDEC9001DA5B3 /* Frameworks */,
				F1237A2A1C5EDEC9001DA5B3 /* Resources */,
			);
			buildRules = (
			);
			dependencies = (
				F1237A2E1C5EDEC9001DA5B3 /* PBXTargetDependency */,
			);
			name = CommentateTests;
			productName = CommentateTests;
			productReference = F1237A2C1C5EDEC9001DA5B3 /* CommentateTests.xctest */;
			productType = "com.apple.product-type.bundle.unit-test";
		};
		F1237A361C5EDEC9001DA5B3 /* CommentateUITests */ = {
			isa = PBXNativeTarget;
			buildConfigurationList = F1237A461C5EDEC9001DA5B3 /* Build configuration list for PBXNativeTarget "CommentateUITests" */;
			buildPhases = (
				F1237A331C5EDEC9001DA5B3 /* Sources */,
				F1237A341C5EDEC9001DA5B3 /* Frameworks */,
				F1237A351C5EDEC9001DA5B3 /* Resources */,
			);
			buildRules = (
			);
			dependencies = (
				F1237A391C5EDEC9001DA5B3 /* PBXTargetDependency */,
			);
			name = CommentateUITests;
			productName = CommentateUITests;
			productReference = F1237A371C5EDEC9001DA5B3 /* CommentateUITests.xctest */;
			productType = "com.apple.product-type.bundle.ui-testing";
		};
/* End PBXNativeTarget section */

/* Begin PBXProject section */
		F1237A101C5EDEC9001DA5B3 /* Project object */ = {
			isa = PBXProject;
			attributes = {
				LastSwiftUpdateCheck = 0720;
				LastUpgradeCheck = 0720;
				ORGANIZATIONNAME = "David Mattia";
				TargetAttributes = {
					F1237A171C5EDEC9001DA5B3 = {
						CreatedOnToolsVersion = 7.2;
					};
					F1237A2B1C5EDEC9001DA5B3 = {
						CreatedOnToolsVersion = 7.2;
						TestTargetID = F1237A171C5EDEC9001DA5B3;
					};
					F1237A361C5EDEC9001DA5B3 = {
						CreatedOnToolsVersion = 7.2;
						TestTargetID = F1237A171C5EDEC9001DA5B3;
					};
				};
			};
			buildConfigurationList = F1237A131C5EDEC9001DA5B3 /* Build configuration list for PBXProject "Commentate" */;
			compatibilityVersion = "Xcode 3.2";
			developmentRegion = English;
			hasScannedForEncodings = 0;
			knownRegions = (
				en,
				Base,
			);
			mainGroup = F1237A0F1C5EDEC9001DA5B3;
			productRefGroup = F1237A191C5EDEC9001DA5B3 /* Products */;
			projectDirPath = "";
			projectRoot = "";
			targets = (
				F1237A171C5EDEC9001DA5B3 /* Commentate */,
				F1237A2B1C5EDEC9001DA5B3 /* CommentateTests */,
				F1237A361C5EDEC9001DA5B3 /* CommentateUITests */,
			);
		};
/* End PBXProject section */

/* Begin PBXResourcesBuildPhase section */
		F1237A161C5EDEC9001DA5B3 /* Resources */ = {
			isa = PBXResourcesBuildPhase;
			buildActionMask = 2147483647;
			files = (
				F1237A261C5EDEC9001DA5B3 /* LaunchScreen.storyboard in Resources */,
				F1237A231C5EDEC9001DA5B3 /* Assets.xcassets in Resources */,
				F1237A211C5EDEC9001DA5B3 /* Main.storyboard in Resources */,
			);
			runOnlyForDeploymentPostprocessing = 0;
		};
		F1237A2A1C5EDEC9001DA5B3 /* Resources */ = {
			isa = PBXResourcesBuildPhase;
			buildActionMask = 2147483647;
			files = (
			);
			runOnlyForDeploymentPostprocessing = 0;
		};
		F1237A351C5EDEC9001DA5B3 /* Resources */ = {
			isa = PBXResourcesBuildPhase;
			buildActionMask = 2147483647;
			files = (
			);
			runOnlyForDeploymentPostprocessing = 0;
		};
/* End PBXResourcesBuildPhase section */

/* Begin PBXSourcesBuildPhase section */
		F1237A141C5EDEC9001DA5B3 /* Sources */ = {
			isa = PBXSourcesBuildPhase;
			buildActionMask = 2147483647;
			files = (
				F1237A791C5F14F6001DA5B3 /* SignUpViewController.swift in Sources */,
				F1237A1C1C5EDEC9001DA5B3 /* AppDelegate.swift in Sources */,
				F1237A4E1C5EE5A7001DA5B3 /* MyEventsViewController.swift in Sources */,
				F1237A541C5EE72B001DA5B3 /* AllEventsTableViewCell.swift in Sources */,
				F1237A501C5EE661001DA5B3 /* ProfileViewController.swift in Sources */,
				F1237A521C5EE66F001DA5B3 /* AllEventsViewController.swift in Sources */,
				F1237A4A1C5EDEED001DA5B3 /* MenuViewController.swift in Sources */,
				F1237A751C5F14A0001DA5B3 /* LogInViewController.swift in Sources */,
				F1237A4C1C5EE303001DA5B3 /* CreateEventViewController.swift in Sources */,
			);
			runOnlyForDeploymentPostprocessing = 0;
		};
		F1237A281C5EDEC9001DA5B3 /* Sources */ = {
			isa = PBXSourcesBuildPhase;
			buildActionMask = 2147483647;
			files = (
				F1237A311C5EDEC9001DA5B3 /* CommentateTests.swift in Sources */,
			);
			runOnlyForDeploymentPostprocessing = 0;
		};
		F1237A331C5EDEC9001DA5B3 /* Sources */ = {
			isa = PBXSourcesBuildPhase;
			buildActionMask = 2147483647;
			files = (
				F1237A3C1C5EDEC9001DA5B3 /* CommentateUITests.swift in Sources */,
			);
			runOnlyForDeploymentPostprocessing = 0;
		};
/* End PBXSourcesBuildPhase section */

/* Begin PBXTargetDependency section */
		F1237A2E1C5EDEC9001DA5B3 /* PBXTargetDependency */ = {
			isa = PBXTargetDependency;
			target = F1237A171C5EDEC9001DA5B3 /* Commentate */;
			targetProxy = F1237A2D1C5EDEC9001DA5B3 /* PBXContainerItemProxy */;
		};
		F1237A391C5EDEC9001DA5B3 /* PBXTargetDependency */ = {
			isa = PBXTargetDependency;
			target = F1237A171C5EDEC9001DA5B3 /* Commentate */;
			targetProxy = F1237A381C5EDEC9001DA5B3 /* PBXContainerItemProxy */;
		};
/* End PBXTargetDependency section */

/* Begin PBXVariantGroup section */
		F1237A1F1C5EDEC9001DA5B3 /* Main.storyboard */ = {
			isa = PBXVariantGroup;
			children = (
				F1237A201C5EDEC9001DA5B3 /* Base */,
			);
			name = Main.storyboard;
			sourceTree = "<group>";
		};
		F1237A241C5EDEC9001DA5B3 /* LaunchScreen.storyboard */ = {
			isa = PBXVariantGroup;
			children = (
				F1237A251C5EDEC9001DA5B3 /* Base */,
			);
			name = LaunchScreen.storyboard;
			sourceTree = "<group>";
		};
/* End PBXVariantGroup section */

/* Begin XCBuildConfiguration section */
		F1237A3E1C5EDEC9001DA5B3 /* Debug */ = {
			isa = XCBuildConfiguration;
			buildSettings = {
				ALWAYS_SEARCH_USER_PATHS = NO;
				CLANG_CXX_LANGUAGE_STANDARD = "gnu++0x";
				CLANG_CXX_LIBRARY = "libc++";
				CLANG_ENABLE_MODULES = YES;
				CLANG_ENABLE_OBJC_ARC = YES;
				CLANG_WARN_BOOL_CONVERSION = YES;
				CLANG_WARN_CONSTANT_CONVERSION = YES;
				CLANG_WARN_DIRECT_OBJC_ISA_USAGE = YES_ERROR;
				CLANG_WARN_EMPTY_BODY = YES;
				CLANG_WARN_ENUM_CONVERSION = YES;
				CLANG_WARN_INT_CONVERSION = YES;
				CLANG_WARN_OBJC_ROOT_CLASS = YES_ERROR;
				CLANG_WARN_UNREACHABLE_CODE = YES;
				CLANG_WARN__DUPLICATE_METHOD_MATCH = YES;
				"CODE_SIGN_IDENTITY[sdk=iphoneos*]" = "iPhone Developer";
				COPY_PHASE_STRIP = NO;
				DEBUG_INFORMATION_FORMAT = dwarf;
				ENABLE_STRICT_OBJC_MSGSEND = YES;
				ENABLE_TESTABILITY = YES;
				GCC_C_LANGUAGE_STANDARD = gnu99;
				GCC_DYNAMIC_NO_PIC = NO;
				GCC_NO_COMMON_BLOCKS = YES;
				GCC_OPTIMIZATION_LEVEL = 0;
				GCC_PREPROCESSOR_DEFINITIONS = (
					"DEBUG=1",
					"$(inherited)",
				);
				GCC_WARN_64_TO_32_BIT_CONVERSION = YES;
				GCC_WARN_ABOUT_RETURN_TYPE = YES_ERROR;
				GCC_WARN_UNDECLARED_SELECTOR = YES;
				GCC_WARN_UNINITIALIZED_AUTOS = YES_AGGRESSIVE;
				GCC_WARN_UNUSED_FUNCTION = YES;
				GCC_WARN_UNUSED_VARIABLE = YES;
				IPHONEOS_DEPLOYMENT_TARGET = 9.2;
				MTL_ENABLE_DEBUG_INFO = YES;
				ONLY_ACTIVE_ARCH = YES;
				SDKROOT = iphoneos;
				SWIFT_OPTIMIZATION_LEVEL = "-Onone";
			};
			name = Debug;
		};
		F1237A3F1C5EDEC9001DA5B3 /* Release */ = {
			isa = XCBuildConfiguration;
			buildSettings = {
				ALWAYS_SEARCH_USER_PATHS = NO;
				CLANG_CXX_LANGUAGE_STANDARD = "gnu++0x";
				CLANG_CXX_LIBRARY = "libc++";
				CLANG_ENABLE_MODULES = YES;
				CLANG_ENABLE_OBJC_ARC = YES;
				CLANG_WARN_BOOL_CONVERSION = YES;
				CLANG_WARN_CONSTANT_CONVERSION = YES;
				CLANG_WARN_DIRECT_OBJC_ISA_USAGE = YES_ERROR;
				CLANG_WARN_EMPTY_BODY = YES;
				CLANG_WARN_ENUM_CONVERSION = YES;
				CLANG_WARN_INT_CONVERSION = YES;
				CLANG_WARN_OBJC_ROOT_CLASS = YES_ERROR;
				CLANG_WARN_UNREACHABLE_CODE = YES;
				CLANG_WARN__DUPLICATE_METHOD_MATCH = YES;
				"CODE_SIGN_IDENTITY[sdk=iphoneos*]" = "iPhone Developer";
				COPY_PHASE_STRIP = NO;
				DEBUG_INFORMATION_FORMAT = "dwarf-with-dsym";
				ENABLE_NS_ASSERTIONS = NO;
				ENABLE_STRICT_OBJC_MSGSEND = YES;
				GCC_C_LANGUAGE_STANDARD = gnu99;
				GCC_NO_COMMON_BLOCKS = YES;
				GCC_WARN_64_TO_32_BIT_CONVERSION = YES;
				GCC_WARN_ABOUT_RETURN_TYPE = YES_ERROR;
				GCC_WARN_UNDECLARED_SELECTOR = YES;
				GCC_WARN_UNINITIALIZED_AUTOS = YES_AGGRESSIVE;
				GCC_WARN_UNUSED_FUNCTION = YES;
				GCC_WARN_UNUSED_VARIABLE = YES;
				IPHONEOS_DEPLOYMENT_TARGET = 9.2;
				MTL_ENABLE_DEBUG_INFO = NO;
				SDKROOT = iphoneos;
				VALIDATE_PRODUCT = YES;
			};
			name = Release;
		};
		F1237A411C5EDEC9001DA5B3 /* Debug */ = {
			isa = XCBuildConfiguration;
			buildSettings = {
				ASSETCATALOG_COMPILER_APPICON_NAME = AppIcon;
				FRAMEWORK_SEARCH_PATHS = (
					"$(inherited)",
					"$(PROJECT_DIR)",
				);
				INFOPLIST_FILE = Commentate/Info.plist;
				LD_RUNPATH_SEARCH_PATHS = "$(inherited) @executable_path/Frameworks";
				PRODUCT_BUNDLE_IDENTIFIER = "com.David-mattia.Commentate";
				PRODUCT_NAME = "$(TARGET_NAME)";
			};
			name = Debug;
		};
		F1237A421C5EDEC9001DA5B3 /* Release */ = {
			isa = XCBuildConfiguration;
			buildSettings = {
				ASSETCATALOG_COMPILER_APPICON_NAME = AppIcon;
				FRAMEWORK_SEARCH_PATHS = (
					"$(inherited)",
					"$(PROJECT_DIR)",
				);
				INFOPLIST_FILE = Commentate/Info.plist;
				LD_RUNPATH_SEARCH_PATHS = "$(inherited) @executable_path/Frameworks";
				PRODUCT_BUNDLE_IDENTIFIER = "com.David-mattia.Commentate";
				PRODUCT_NAME = "$(TARGET_NAME)";
			};
			name = Release;
		};
		F1237A441C5EDEC9001DA5B3 /* Debug */ = {
			isa = XCBuildConfiguration;
			buildSettings = {
				BUNDLE_LOADER = "$(TEST_HOST)";
				INFOPLIST_FILE = CommentateTests/Info.plist;
				LD_RUNPATH_SEARCH_PATHS = "$(inherited) @executable_path/Frameworks @loader_path/Frameworks";
				PRODUCT_BUNDLE_IDENTIFIER = "com.David-mattia.CommentateTests";
				PRODUCT_NAME = "$(TARGET_NAME)";
				TEST_HOST = "$(BUILT_PRODUCTS_DIR)/Commentate.app/Commentate";
			};
			name = Debug;
		};
		F1237A451C5EDEC9001DA5B3 /* Release */ = {
			isa = XCBuildConfiguration;
			buildSettings = {
				BUNDLE_LOADER = "$(TEST_HOST)";
				INFOPLIST_FILE = CommentateTests/Info.plist;
				LD_RUNPATH_SEARCH_PATHS = "$(inherited) @executable_path/Frameworks @loader_path/Frameworks";
				PRODUCT_BUNDLE_IDENTIFIER = "com.David-mattia.CommentateTests";
				PRODUCT_NAME = "$(TARGET_NAME)";
				TEST_HOST = "$(BUILT_PRODUCTS_DIR)/Commentate.app/Commentate";
			};
			name = Release;
		};
		F1237A471C5EDEC9001DA5B3 /* Debug */ = {
			isa = XCBuildConfiguration;
			buildSettings = {
				INFOPLIST_FILE = CommentateUITests/Info.plist;
				LD_RUNPATH_SEARCH_PATHS = "$(inherited) @executable_path/Frameworks @loader_path/Frameworks";
				PRODUCT_BUNDLE_IDENTIFIER = "com.David-mattia.CommentateUITests";
				PRODUCT_NAME = "$(TARGET_NAME)";
				TEST_TARGET_NAME = Commentate;
				USES_XCTRUNNER = YES;
			};
			name = Debug;
		};
		F1237A481C5EDEC9001DA5B3 /* Release */ = {
			isa = XCBuildConfiguration;
			buildSettings = {
				INFOPLIST_FILE = CommentateUITests/Info.plist;
				LD_RUNPATH_SEARCH_PATHS = "$(inherited) @executable_path/Frameworks @loader_path/Frameworks";
				PRODUCT_BUNDLE_IDENTIFIER = "com.David-mattia.CommentateUITests";
				PRODUCT_NAME = "$(TARGET_NAME)";
				TEST_TARGET_NAME = Commentate;
				USES_XCTRUNNER = YES;
			};
			name = Release;
		};
/* End XCBuildConfiguration section */

/* Begin XCConfigurationList section */
		F1237A131C5EDEC9001DA5B3 /* Build configuration list for PBXProject "Commentate" */ = {
			isa = XCConfigurationList;
			buildConfigurations = (
				F1237A3E1C5EDEC9001DA5B3 /* Debug */,
				F1237A3F1C5EDEC9001DA5B3 /* Release */,
			);
			defaultConfigurationIsVisible = 0;
			defaultConfigurationName = Release;
		};
		F1237A401C5EDEC9001DA5B3 /* Build configuration list for PBXNativeTarget "Commentate" */ = {
			isa = XCConfigurationList;
			buildConfigurations = (
				F1237A411C5EDEC9001DA5B3 /* Debug */,
				F1237A421C5EDEC9001DA5B3 /* Release */,
			);
			defaultConfigurationIsVisible = 0;
		};
		F1237A431C5EDEC9001DA5B3 /* Build configuration list for PBXNativeTarget "CommentateTests" */ = {
			isa = XCConfigurationList;
			buildConfigurations = (
				F1237A441C5EDEC9001DA5B3 /* Debug */,
				F1237A451C5EDEC9001DA5B3 /* Release */,
			);
			defaultConfigurationIsVisible = 0;
		};
		F1237A461C5EDEC9001DA5B3 /* Build configuration list for PBXNativeTarget "CommentateUITests" */ = {
			isa = XCConfigurationList;
			buildConfigurations = (
				F1237A471C5EDEC9001DA5B3 /* Debug */,
				F1237A481C5EDEC9001DA5B3 /* Release */,
			);
			defaultConfigurationIsVisible = 0;
		};
/* End XCConfigurationList section */
	};
	rootObject = F1237A101C5EDEC9001DA5B3 /* Project object */;
}
